
Microsoft Visual Studio Solution File, Format Version 12.00
# Visual Studio Version 16
VisualStudioVersion = 16.0.32413.511
MinimumVisualStudioVersion = 10.0.40219.1
Project("{8BC9CEB8-8B4A-11D0-8D11-00A0C91BC942}") = "facepro", "facepro\facepro.vcxproj", "{26EB14A2-FBFD-4ABB-A545-F0051378DA2E}"
EndProject
Global
	GlobalSection(SolutionConfigurationPlatforms) = preSolution
		Debug|x64 = Debug|x64
		Debug|x86 = Debug|x86
		Release|x64 = Release|x64
		Release|x86 = Release|x86
	EndGlobalSection
	GlobalSection(ProjectConfigurationPlatforms) = postSolution
		{26EB14A2-FBFD-4ABB-A545-F0051378DA2E}.Debug|x64.ActiveCfg = Debug|x64
		{26EB14A2-FBFD-4ABB-A545-F0051378DA2E}.Debug|x64.Build.0 = Debug|x64
		{26EB14A2-FBFD-4ABB-A545-F0051378DA2E}.Debug|x86.ActiveCfg = Debug|x64
		{26EB14A2-FBFD-4ABB-A545-F0051378DA2E}.Debug|x86.Build.0 = Debug|x64
		{26EB14A2-FBFD-4ABB-A545-F0051378DA2E}.Release|x64.ActiveCfg = Release|x64
		{26EB14A2-FBFD-4ABB-A545-F0051378DA2E}.Release|x64.Build.0 = Release|x64
		{26EB14A2-FBFD-4ABB-A545-F0051378DA2E}.Release|x86.ActiveCfg = Release|Win32
		{26EB14A2-FBFD-4ABB-A545-F0051378DA2E}.Release|x86.Build.0 = Release|Win32
	EndGlobalSection
	GlobalSection(SolutionProperties) = preSolution
		HideSolutionNode = FALSE
	EndGlobalSection
	GlobalSection(ExtensibilityGlobals) = postSolution
		SolutionGuid = {22CD56E9-5629-45D3-8FF3-6C2517CC9F6F}
	EndGlobalSection
EndGlobal
